
Microsoft Visual Studio Solution File, Format Version 12.00
# Visual Studio Version 16
VisualStudioVersion = 16.0.32228.343
MinimumVisualStudioVersion = 10.0.40219.1
Project("{FAE04EC0-301F-11D3-BF4B-00C04F79EFBC}") = "Shopping.Client", "Shopping.Client\Shopping.Client.csproj", "{EF9E553B-79C5-4C4F-93BF-4467DBF43E3D}"
EndProject
Project("{FAE04EC0-301F-11D3-BF4B-00C04F79EFBC}") = "Shopping.API", "Shopping.API\Shopping.API.csproj", "{1F65AE60-C9EE-4151-9E16-8F790E176196}"
EndProject
Global
	GlobalSection(SolutionConfigurationPlatforms) = preSolution
		Debug|Any CPU = Debug|Any CPU
		Debug|x64 = Debug|x64
		Debug|x86 = Debug|x86
		Release|Any CPU = Release|Any CPU
		Release|x64 = Release|x64
		Release|x86 = Release|x86
	EndGlobalSection
	GlobalSection(ProjectConfigurationPlatforms) = postSolution
		{EF9E553B-79C5-4C4F-93BF-4467DBF43E3D}.Debug|Any CPU.ActiveCfg = Debug|Any CPU
		{EF9E553B-79C5-4C4F-93BF-4467DBF43E3D}.Debug|Any CPU.Build.0 = Debug|Any CPU
		{EF9E553B-79C5-4C4F-93BF-4467DBF43E3D}.Debug|x64.ActiveCfg = Debug|Any CPU
		{EF9E553B-79C5-4C4F-93BF-4467DBF43E3D}.Debug|x64.Build.0 = Debug|Any CPU
		{EF9E553B-79C5-4C4F-93BF-4467DBF43E3D}.Debug|x86.ActiveCfg = Debug|Any CPU
		{EF9E553B-79C5-4C4F-93BF-4467DBF43E3D}.Debug|x86.Build.0 = Debug|Any CPU
		{EF9E553B-79C5-4C4F-93BF-4467DBF43E3D}.Release|Any CPU.ActiveCfg = Release|Any CPU
		{EF9E553B-79C5-4C4F-93BF-4467DBF43E3D}.Release|Any CPU.Build.0 = Release|Any CPU
		{EF9E553B-79C5-4C4F-93BF-4467DBF43E3D}.Release|x64.ActiveCfg = Release|Any CPU
		{EF9E553B-79C5-4C4F-93BF-4467DBF43E3D}.Release|x64.Build.0 = Release|Any CPU
		{EF9E553B-79C5-4C4F-93BF-4467DBF43E3D}.Release|x86.ActiveCfg = Release|Any CPU
		{EF9E553B-79C5-4C4F-93BF-4467DBF43E3D}.Release|x86.Build.0 = Release|Any CPU
		{1F65AE60-C9EE-4151-9E16-8F790E176196}.Debug|Any CPU.ActiveCfg = Debug|Any CPU
		{1F65AE60-C9EE-4151-9E16-8F790E176196}.Debug|Any CPU.Build.0 = Debug|Any CPU
		{1F65AE60-C9EE-4151-9E16-8F790E176196}.Debug|x64.ActiveCfg = Debug|Any CPU
		{1F65AE60-C9EE-4151-9E16-8F790E176196}.Debug|x64.Build.0 = Debug|Any CPU
		{1F65AE60-C9EE-4151-9E16-8F790E176196}.Debug|x86.ActiveCfg = Debug|Any CPU
		{1F65AE60-C9EE-4151-9E16-8F790E176196}.Debug|x86.Build.0 = Debug|Any CPU
		{1F65AE60-C9EE-4151-9E16-8F790E176196}.Release|Any CPU.ActiveCfg = Release|Any CPU
		{1F65AE60-C9EE-4151-9E16-8F790E176196}.Release|Any CPU.Build.0 = Release|Any CPU
		{1F65AE60-C9EE-4151-9E16-8F790E176196}.Release|x64.ActiveCfg = Release|Any CPU
		{1F65AE60-C9EE-4151-9E16-8F790E176196}.Release|x64.Build.0 = Release|Any CPU
		{1F65AE60-C9EE-4151-9E16-8F790E176196}.Release|x86.ActiveCfg = Release|Any CPU
		{1F65AE60-C9EE-4151-9E16-8F790E176196}.Release|x86.Build.0 = Release|Any CPU
	EndGlobalSection
	GlobalSection(SolutionProperties) = preSolution
		HideSolutionNode = FALSE
	EndGlobalSection
	GlobalSection(ExtensibilityGlobals) = postSolution
		SolutionGuid = {1EF86D44-E9FB-46D6-B053-8B18CD327443}
	EndGlobalSection
EndGlobal
